
Microsoft Visual Studio Solution File, Format Version 12.00
# Visual Studio 14
VisualStudioVersion = 14.0.25420.1
MinimumVisualStudioVersion = 10.0.40219.1
Project("{FAE04EC0-301F-11D3-BF4B-00C04F79EFBC}") = "ProspectPMS", "ProspectPMS\ProspectPMS.csproj", "{5B49C181-AD49-4C6E-90D0-574E87E8F4CF}"
EndProject
Project("{2150E333-8FDC-42A3-9474-1A3956D46DE8}") = "00.PMS_Dal", "00.PMS_Dal", "{7F2BDEAE-60BB-4FF9-8391-752BEE35931C}"
EndProject
Project("{2150E333-8FDC-42A3-9474-1A3956D46DE8}") = "01.PMS_Bll", "01.PMS_Bll", "{4538A2C2-CFC6-44F6-944E-42B06C5442AD}"
EndProject
Project("{2150E333-8FDC-42A3-9474-1A3956D46DE8}") = "02.PMS_Model", "02.PMS_Model", "{0C969CC5-2C2E-4B3C-B26E-8925929FED4B}"
EndProject
Project("{2150E333-8FDC-42A3-9474-1A3956D46DE8}") = "03.PMS_Helper", "03.PMS_Helper", "{19B818B4-70FD-4D29-A527-168DCE9B25AE}"
EndProject
Project("{2150E333-8FDC-42A3-9474-1A3956D46DE8}") = "04.PMS_Action", "04.PMS_Action", "{5AFD59BE-4978-4942-94B3-A2F6A293031C}"
EndProject
Project("{FAE04EC0-301F-11D3-BF4B-00C04F79EFBC}") = "ProspectPMS_Action", "ProspectPMS_Action\ProspectPMS_Action.csproj", "{C2F7BA17-73DE-4352-BA12-372E197E7A67}"
EndProject
Project("{FAE04EC0-301F-11D3-BF4B-00C04F79EFBC}") = "ProspectPMS_Dal", "ProspectPMS_Dal\ProspectPMS_Dal.csproj", "{B5D26184-7FF2-402F-9D31-17B7591EA6AE}"
EndProject
Project("{FAE04EC0-301F-11D3-BF4B-00C04F79EFBC}") = "ProspectPMS_Bll", "ProspectPMS_Bll\ProspectPMS_Bll.csproj", "{6BD3E7EE-142A-4F59-983D-28890D086677}"
EndProject
Project("{FAE04EC0-301F-11D3-BF4B-00C04F79EFBC}") = "ProspectPMS_Model", "ProspectPMS_Model\ProspectPMS_Model.csproj", "{B7356327-BF12-4986-8492-212B4C268A36}"
EndProject
Project("{FAE04EC0-301F-11D3-BF4B-00C04F79EFBC}") = "ProspectPMS_ViewModel", "ProspectPMS_ViewModel\ProspectPMS_ViewModel.csproj", "{A3E88BAE-7512-4321-9CE4-2949E9BE70A8}"
EndProject
Global
	GlobalSection(SolutionConfigurationPlatforms) = preSolution
		Debug|Any CPU = Debug|Any CPU
		Release|Any CPU = Release|Any CPU
	EndGlobalSection
	GlobalSection(ProjectConfigurationPlatforms) = postSolution
		{5B49C181-AD49-4C6E-90D0-574E87E8F4CF}.Debug|Any CPU.ActiveCfg = Debug|Any CPU
		{5B49C181-AD49-4C6E-90D0-574E87E8F4CF}.Debug|Any CPU.Build.0 = Debug|Any CPU
		{5B49C181-AD49-4C6E-90D0-574E87E8F4CF}.Release|Any CPU.ActiveCfg = Release|Any CPU
		{5B49C181-AD49-4C6E-90D0-574E87E8F4CF}.Release|Any CPU.Build.0 = Release|Any CPU
		{C2F7BA17-73DE-4352-BA12-372E197E7A67}.Debug|Any CPU.ActiveCfg = Debug|Any CPU
		{C2F7BA17-73DE-4352-BA12-372E197E7A67}.Debug|Any CPU.Build.0 = Debug|Any CPU
		{C2F7BA17-73DE-4352-BA12-372E197E7A67}.Release|Any CPU.ActiveCfg = Release|Any CPU
		{C2F7BA17-73DE-4352-BA12-372E197E7A67}.Release|Any CPU.Build.0 = Release|Any CPU
		{B5D26184-7FF2-402F-9D31-17B7591EA6AE}.Debug|Any CPU.ActiveCfg = Debug|Any CPU
		{B5D26184-7FF2-402F-9D31-17B7591EA6AE}.Debug|Any CPU.Build.0 = Debug|Any CPU
		{B5D26184-7FF2-402F-9D31-17B7591EA6AE}.Release|Any CPU.ActiveCfg = Release|Any CPU
		{B5D26184-7FF2-402F-9D31-17B7591EA6AE}.Release|Any CPU.Build.0 = Release|Any CPU
		{6BD3E7EE-142A-4F59-983D-28890D086677}.Debug|Any CPU.ActiveCfg = Debug|Any CPU
		{6BD3E7EE-142A-4F59-983D-28890D086677}.Debug|Any CPU.Build.0 = Debug|Any CPU
		{6BD3E7EE-142A-4F59-983D-28890D086677}.Release|Any CPU.ActiveCfg = Release|Any CPU
		{6BD3E7EE-142A-4F59-983D-28890D086677}.Release|Any CPU.Build.0 = Release|Any CPU
		{B7356327-BF12-4986-8492-212B4C268A36}.Debug|Any CPU.ActiveCfg = Debug|Any CPU
		{B7356327-BF12-4986-8492-212B4C268A36}.Debug|Any CPU.Build.0 = Debug|Any CPU
		{B7356327-BF12-4986-8492-212B4C268A36}.Release|Any CPU.ActiveCfg = Release|Any CPU
		{B7356327-BF12-4986-8492-212B4C268A36}.Release|Any CPU.Build.0 = Release|Any CPU
		{A3E88BAE-7512-4321-9CE4-2949E9BE70A8}.Debug|Any CPU.ActiveCfg = Debug|Any CPU
		{A3E88BAE-7512-4321-9CE4-2949E9BE70A8}.Debug|Any CPU.Build.0 = Debug|Any CPU
		{A3E88BAE-7512-4321-9CE4-2949E9BE70A8}.Release|Any CPU.ActiveCfg = Release|Any CPU
		{A3E88BAE-7512-4321-9CE4-2949E9BE70A8}.Release|Any CPU.Build.0 = Release|Any CPU
	EndGlobalSection
	GlobalSection(SolutionProperties) = preSolution
		HideSolutionNode = FALSE
	EndGlobalSection
	GlobalSection(NestedProjects) = preSolution
		{C2F7BA17-73DE-4352-BA12-372E197E7A67} = {5AFD59BE-4978-4942-94B3-A2F6A293031C}
		{B5D26184-7FF2-402F-9D31-17B7591EA6AE} = {7F2BDEAE-60BB-4FF9-8391-752BEE35931C}
		{6BD3E7EE-142A-4F59-983D-28890D086677} = {4538A2C2-CFC6-44F6-944E-42B06C5442AD}
		{B7356327-BF12-4986-8492-212B4C268A36} = {0C969CC5-2C2E-4B3C-B26E-8925929FED4B}
		{A3E88BAE-7512-4321-9CE4-2949E9BE70A8} = {0C969CC5-2C2E-4B3C-B26E-8925929FED4B}
	EndGlobalSection
EndGlobal
